// !$*UTF8*$!
{
	archiveVersion = 1;
	classes = {
	};
	objectVersion = 55;
	objects = {

/* Begin PBXBuildFile section */
		4A451F19281ECF5E00947A01 /* Data.swift in Sources */ = {isa = PBXBuildFile; fileRef = 4A451F18281ECF5E00947A01 /* Data.swift */; };
		4A451F1B281F788D00947A01 /* GridView1.swift in Sources */ = {isa = PBXBuildFile; fileRef = 4A451F1A281F788D00947A01 /* GridView1.swift */; };
		4A451F1D281F78B000947A01 /* SearchView.swift in Sources */ = {isa = PBXBuildFile; fileRef = 4A451F1C281F78B000947A01 /* SearchView.swift */; };
		4A55C63D282945BE0034B440 /* ImagePicker.swift in Sources */ = {isa = PBXBuildFile; fileRef = 4A55C63C282945BE0034B440 /* ImagePicker.swift */; };
		4A72FB5D2820F9DB00B7C4BC /* GridElementView.swift in Sources */ = {isa = PBXBuildFile; fileRef = 4A72FB5C2820F9DB00B7C4BC /* GridElementView.swift */; };
		4A750E00283240DD0003BFD6 /* RootPresentationMode.swift in Sources */ = {isa = PBXBuildFile; fileRef = 4A750DFF283240DD0003BFD6 /* RootPresentationMode.swift */; };
		4A8423FF2833CC96005E15FD /* codeEditorView.swift in Sources */ = {isa = PBXBuildFile; fileRef = 4A8423FE2833CC96005E15FD /* codeEditorView.swift */; };
		4A8424022833CD7A005E15FD /* CodeEditorView in Frameworks */ = {isa = PBXBuildFile; productRef = 4A8424012833CD7A005E15FD /* CodeEditorView */; };
		4A99B5AE2821767B001A756D /* addPostView.swift in Sources */ = {isa = PBXBuildFile; fileRef = 4A99B5AD2821767B001A756D /* addPostView.swift */; };
		4AA5F957281EBED400568289 /* UIbrary1App.swift in Sources */ = {isa = PBXBuildFile; fileRef = 4AA5F956281EBED400568289 /* UIbrary1App.swift */; };
		4AA5F959281EBED400568289 /* MainView.swift in Sources */ = {isa = PBXBuildFile; fileRef = 4AA5F958281EBED400568289 /* MainView.swift */; };
		4AA5F95B281EBED400568289 /* Assets.xcassets in Resources */ = {isa = PBXBuildFile; fileRef = 4AA5F95A281EBED400568289 /* Assets.xcassets */; };
		4AA5F95E281EBED400568289 /* Preview Assets.xcassets in Resources */ = {isa = PBXBuildFile; fileRef = 4AA5F95D281EBED400568289 /* Preview Assets.xcassets */; };
		4AA5F967281EC4F900568289 /* Color.xcassets in Resources */ = {isa = PBXBuildFile; fileRef = 4AA5F966281EC4F900568289 /* Color.xcassets */; };
		4AACD3F228210D6C00022941 /* GridView2.swift in Sources */ = {isa = PBXBuildFile; fileRef = 4AACD3F128210D6C00022941 /* GridView2.swift */; };
		4AACD3F42821169500022941 /* postView.swift in Sources */ = {isa = PBXBuildFile; fileRef = 4AACD3F32821169500022941 /* postView.swift */; };
		4AACD3F628214FAA00022941 /* HighlightEditor.swift in Sources */ = {isa = PBXBuildFile; fileRef = 4AACD3F528214FAA00022941 /* HighlightEditor.swift */; };
		4AF7ED142822401300EA57A7 /* cardflipVIew.swift in Sources */ = {isa = PBXBuildFile; fileRef = 4AF7ED132822401300EA57A7 /* cardflipVIew.swift */; };
		4AF7ED1728225F1700EA57A7 /* GifView.swift in Sources */ = {isa = PBXBuildFile; fileRef = 4AF7ED1628225F1700EA57A7 /* GifView.swift */; };
		4AF7ED1928225F3500EA57A7 /* cardflipVideo.gif in Resources */ = {isa = PBXBuildFile; fileRef = 4AF7ED1828225F3500EA57A7 /* cardflipVideo.gif */; };
		4AF7ED1B282268F500EA57A7 /* cardmoveView.swift in Sources */ = {isa = PBXBuildFile; fileRef = 4AF7ED1A282268F500EA57A7 /* cardmoveView.swift */; };
		4AF7ED1D2822745C00EA57A7 /* halfmodalView.swift in Sources */ = {isa = PBXBuildFile; fileRef = 4AF7ED1C2822745C00EA57A7 /* halfmodalView.swift */; };
		4AF7ED252822B15B00EA57A7 /* cardSlide.gif in Resources */ = {isa = PBXBuildFile; fileRef = 4AF7ED222822B15B00EA57A7 /* cardSlide.gif */; };
		4AF7ED262822B15B00EA57A7 /* changescale.gif in Resources */ = {isa = PBXBuildFile; fileRef = 4AF7ED232822B15B00EA57A7 /* changescale.gif */; };
		4AF7ED272822B15B00EA57A7 /* halfmodal.gif in Resources */ = {isa = PBXBuildFile; fileRef = 4AF7ED242822B15B00EA57A7 /* halfmodal.gif */; };
/* End PBXBuildFile section */

/* Begin PBXFileReference section */
		4A451F18281ECF5E00947A01 /* Data.swift */ = {isa = PBXFileReference; lastKnownFileType = sourcecode.swift; path = Data.swift; sourceTree = "<group>"; };
		4A451F1A281F788D00947A01 /* GridView1.swift */ = {isa = PBXFileReference; lastKnownFileType = sourcecode.swift; path = GridView1.swift; sourceTree = "<group>"; };
		4A451F1C281F78B000947A01 /* SearchView.swift */ = {isa = PBXFileReference; lastKnownFileType = sourcecode.swift; path = SearchView.swift; sourceTree = "<group>"; };
		4A55C63C282945BE0034B440 /* ImagePicker.swift */ = {isa = PBXFileReference; lastKnownFileType = sourcecode.swift; path = ImagePicker.swift; sourceTree = "<group>"; };
		4A72FB5C2820F9DB00B7C4BC /* GridElementView.swift */ = {isa = PBXFileReference; lastKnownFileType = sourcecode.swift; path = GridElementView.swift; sourceTree = "<group>"; };
		4A750DFE28323F430003BFD6 /* UIbrary1.app */ = {isa = PBXFileReference; explicitFileType = wrapper.application; includeInIndex = 0; path = UIbrary1.app; sourceTree = BUILT_PRODUCTS_DIR; };
		4A750DFF283240DD0003BFD6 /* RootPresentationMode.swift */ = {isa = PBXFileReference; lastKnownFileType = sourcecode.swift; path = RootPresentationMode.swift; sourceTree = "<group>"; };
		4A8423FE2833CC96005E15FD /* codeEditorView.swift */ = {isa = PBXFileReference; lastKnownFileType = sourcecode.swift; path = codeEditorView.swift; sourceTree = "<group>"; };
		4A99B5AD2821767B001A756D /* addPostView.swift */ = {isa = PBXFileReference; lastKnownFileType = sourcecode.swift; path = addPostView.swift; sourceTree = "<group>"; };
		4AA5F956281EBED400568289 /* UIbrary1App.swift */ = {isa = PBXFileReference; lastKnownFileType = sourcecode.swift; path = UIbrary1App.swift; sourceTree = "<group>"; };
		4AA5F958281EBED400568289 /* MainView.swift */ = {isa = PBXFileReference; lastKnownFileType = sourcecode.swift; path = MainView.swift; sourceTree = "<group>"; };
		4AA5F95A281EBED400568289 /* Assets.xcassets */ = {isa = PBXFileReference; lastKnownFileType = folder.assetcatalog; path = Assets.xcassets; sourceTree = "<group>"; };
		4AA5F95D281EBED400568289 /* Preview Assets.xcassets */ = {isa = PBXFileReference; lastKnownFileType = folder.assetcatalog; path = "Preview Assets.xcassets"; sourceTree = "<group>"; };
		4AA5F966281EC4F900568289 /* Color.xcassets */ = {isa = PBXFileReference; lastKnownFileType = folder.assetcatalog; path = Color.xcassets; sourceTree = "<group>"; };
		4AACD3F128210D6C00022941 /* GridView2.swift */ = {isa = PBXFileReference; lastKnownFileType = sourcecode.swift; path = GridView2.swift; sourceTree = "<group>"; };
		4AACD3F32821169500022941 /* postView.swift */ = {isa = PBXFileReference; lastKnownFileType = sourcecode.swift; path = postView.swift; sourceTree = "<group>"; };
		4AACD3F528214FAA00022941 /* HighlightEditor.swift */ = {isa = PBXFileReference; lastKnownFileType = sourcecode.swift; path = HighlightEditor.swift; sourceTree = "<group>"; };
		4AF7ED132822401300EA57A7 /* cardflipVIew.swift */ = {isa = PBXFileReference; lastKnownFileType = sourcecode.swift; path = cardflipVIew.swift; sourceTree = "<group>"; };
		4AF7ED1628225F1700EA57A7 /* GifView.swift */ = {isa = PBXFileReference; lastKnownFileType = sourcecode.swift; path = GifView.swift; sourceTree = "<group>"; };
		4AF7ED1828225F3500EA57A7 /* cardflipVideo.gif */ = {isa = PBXFileReference; lastKnownFileType = image.gif; path = cardflipVideo.gif; sourceTree = "<group>"; };
		4AF7ED1A282268F500EA57A7 /* cardmoveView.swift */ = {isa = PBXFileReference; lastKnownFileType = sourcecode.swift; path = cardmoveView.swift; sourceTree = "<group>"; };
		4AF7ED1C2822745C00EA57A7 /* halfmodalView.swift */ = {isa = PBXFileReference; lastKnownFileType = sourcecode.swift; path = halfmodalView.swift; sourceTree = "<group>"; };
		4AF7ED222822B15B00EA57A7 /* cardSlide.gif */ = {isa = PBXFileReference; lastKnownFileType = image.gif; path = cardSlide.gif; sourceTree = "<group>"; };
		4AF7ED232822B15B00EA57A7 /* changescale.gif */ = {isa = PBXFileReference; lastKnownFileType = image.gif; path = changescale.gif; sourceTree = "<group>"; };
		4AF7ED242822B15B00EA57A7 /* halfmodal.gif */ = {isa = PBXFileReference; lastKnownFileType = image.gif; path = halfmodal.gif; sourceTree = "<group>"; };
/* End PBXFileReference section */

/* Begin PBXFrameworksBuildPhase section */
		4AA5F950281EBED300568289 /* Frameworks */ = {
			isa = PBXFrameworksBuildPhase;
			buildActionMask = 2147483647;
			files = (
				4A8424022833CD7A005E15FD /* CodeEditorView in Frameworks */,
			);
			runOnlyForDeploymentPostprocessing = 0;
		};
/* End PBXFrameworksBuildPhase section */

/* Begin PBXGroup section */
		4AA5F94A281EBED300568289 = {
			isa = PBXGroup;
			children = (
				4AA5F955281EBED400568289 /* UIbrary1 */,
				89D3A94CA6B1E3976B54B265 /* Pods */,
				4A750DFE28323F430003BFD6 /* UIbrary1.app */,
			);
			sourceTree = "<group>";
		};
		4AA5F955281EBED400568289 /* UIbrary1 */ = {
			isa = PBXGroup;
			children = (
				4AF7ED1228223FFC00EA57A7 /* codeSample */,
				4AACD3F02821069800022941 /* Views */,
				4AACD3EF2821067600022941 /* Resources */,
				4AA5F956281EBED400568289 /* UIbrary1App.swift */,
				4A451F18281ECF5E00947A01 /* Data.swift */,
				4AA5F95C281EBED400568289 /* Preview Content */,
			);
			path = UIbrary1;
			sourceTree = "<group>";
		};
		4AA5F95C281EBED400568289 /* Preview Content */ = {
			isa = PBXGroup;
			children = (
				4AA5F95D281EBED400568289 /* Preview Assets.xcassets */,
			);
			path = "Preview Content";
			sourceTree = "<group>";
		};
		4AACD3EF2821067600022941 /* Resources */ = {
			isa = PBXGroup;
			children = (
				4AF7ED222822B15B00EA57A7 /* cardSlide.gif */,
				4AF7ED232822B15B00EA57A7 /* changescale.gif */,
				4AF7ED242822B15B00EA57A7 /* halfmodal.gif */,
				4AF7ED1828225F3500EA57A7 /* cardflipVideo.gif */,
				4AA5F95A281EBED400568289 /* Assets.xcassets */,
				4AA5F966281EC4F900568289 /* Color.xcassets */,
			);
			path = Resources;
			sourceTree = "<group>";
		};
		4AACD3F02821069800022941 /* Views */ = {
			isa = PBXGroup;
			children = (
				4A451F1C281F78B000947A01 /* SearchView.swift */,
				4A8423FE2833CC96005E15FD /* codeEditorView.swift */,
				4AACD3F32821169500022941 /* postView.swift */,
				4A750DFF283240DD0003BFD6 /* RootPresentationMode.swift */,
				4A99B5AD2821767B001A756D /* addPostView.swift */,
				4AACD3F528214FAA00022941 /* HighlightEditor.swift */,
				4AA5F958281EBED400568289 /* MainView.swift */,
				4A72FB5C2820F9DB00B7C4BC /* GridElementView.swift */,
				4A451F1A281F788D00947A01 /* GridView1.swift */,
				4AACD3F128210D6C00022941 /* GridView2.swift */,
				4AF7ED1628225F1700EA57A7 /* GifView.swift */,
				4A55C63C282945BE0034B440 /* ImagePicker.swift */,
			);
			path = Views;
			sourceTree = "<group>";
		};
		4AF7ED1228223FFC00EA57A7 /* codeSample */ = {
			isa = PBXGroup;
			children = (
				4AF7ED132822401300EA57A7 /* cardflipVIew.swift */,
				4AF7ED1A282268F500EA57A7 /* cardmoveView.swift */,
				4AF7ED1C2822745C00EA57A7 /* halfmodalView.swift */,
			);
			path = codeSample;
			sourceTree = "<group>";
		};
		89D3A94CA6B1E3976B54B265 /* Pods */ = {
			isa = PBXGroup;
			children = (
			);
			path = Pods;
			sourceTree = "<group>";
		};
/* End PBXGroup section */

/* Begin PBXNativeTarget section */
		4AA5F952281EBED300568289 /* UIbrary1 */ = {
			isa = PBXNativeTarget;
			buildConfigurationList = 4AA5F961281EBED400568289 /* Build configuration list for PBXNativeTarget "UIbrary1" */;
			buildPhases = (
				4AA5F94F281EBED300568289 /* Sources */,
				4AA5F950281EBED300568289 /* Frameworks */,
				4AA5F951281EBED300568289 /* Resources */,
			);
			buildRules = (
			);
			dependencies = (
			);
			name = UIbrary1;
			packageProductDependencies = (
				4A8424012833CD7A005E15FD /* CodeEditorView */,
			);
			productName = UIbrary1;
			productReference = 4A750DFE28323F430003BFD6 /* UIbrary1.app */;
			productType = "com.apple.product-type.application";
		};
/* End PBXNativeTarget section */

/* Begin PBXProject section */
		4AA5F94B281EBED300568289 /* Project object */ = {
			isa = PBXProject;
			attributes = {
				BuildIndependentTargetsInParallel = 1;
				LastSwiftUpdateCheck = 1330;
				LastUpgradeCheck = 1330;
				TargetAttributes = {
					4AA5F952281EBED300568289 = {
						CreatedOnToolsVersion = 13.3;
					};
				};
			};
			buildConfigurationList = 4AA5F94E281EBED300568289 /* Build configuration list for PBXProject "UIbrary" */;
			compatibilityVersion = "Xcode 13.0";
			developmentRegion = en;
			hasScannedForEncodings = 0;
			knownRegions = (
				en,
				Base,
			);
			mainGroup = 4AA5F94A281EBED300568289;
			packageReferences = (
				4A8424002833CD7A005E15FD /* XCRemoteSwiftPackageReference "CodeEditorView.git" */,
			);
			productRefGroup = 4AA5F94A281EBED300568289;
			projectDirPath = "";
			projectRoot = "";
			targets = (
				4AA5F952281EBED300568289 /* UIbrary1 */,
			);
		};
/* End PBXProject section */

/* Begin PBXResourcesBuildPhase section */
		4AA5F951281EBED300568289 /* Resources */ = {
			isa = PBXResourcesBuildPhase;
			buildActionMask = 2147483647;
			files = (
				4AA5F95E281EBED400568289 /* Preview Assets.xcassets in Resources */,
				4AF7ED262822B15B00EA57A7 /* changescale.gif in Resources */,
				4AF7ED272822B15B00EA57A7 /* halfmodal.gif in Resources */,
				4AF7ED1928225F3500EA57A7 /* cardflipVideo.gif in Resources */,
				4AF7ED252822B15B00EA57A7 /* cardSlide.gif in Resources */,
				4AA5F95B281EBED400568289 /* Assets.xcassets in Resources */,
				4AA5F967281EC4F900568289 /* Color.xcassets in Resources */,
			);
			runOnlyForDeploymentPostprocessing = 0;
		};
/* End PBXResourcesBuildPhase section */

/* Begin PBXSourcesBuildPhase section */
		4AA5F94F281EBED300568289 /* Sources */ = {
			isa = PBXSourcesBuildPhase;
			buildActionMask = 2147483647;
			files = (
				4A451F1D281F78B000947A01 /* SearchView.swift in Sources */,
				4AF7ED1728225F1700EA57A7 /* GifView.swift in Sources */,
				4A8423FF2833CC96005E15FD /* codeEditorView.swift in Sources */,
				4AF7ED142822401300EA57A7 /* cardflipVIew.swift in Sources */,
				4AF7ED1D2822745C00EA57A7 /* halfmodalView.swift in Sources */,
				4A451F1B281F788D00947A01 /* GridView1.swift in Sources */,
				4AACD3F42821169500022941 /* postView.swift in Sources */,
				4AA5F959281EBED400568289 /* MainView.swift in Sources */,
				4A99B5AE2821767B001A756D /* addPostView.swift in Sources */,
				4A451F19281ECF5E00947A01 /* Data.swift in Sources */,
				4AACD3F228210D6C00022941 /* GridView2.swift in Sources */,
				4A750E00283240DD0003BFD6 /* RootPresentationMode.swift in Sources */,
				4AA5F957281EBED400568289 /* UIbrary1App.swift in Sources */,
				4A72FB5D2820F9DB00B7C4BC /* GridElementView.swift in Sources */,
				4A55C63D282945BE0034B440 /* ImagePicker.swift in Sources */,
				4AF7ED1B282268F500EA57A7 /* cardmoveView.swift in Sources */,
				4AACD3F628214FAA00022941 /* HighlightEditor.swift in Sources */,
			);
			runOnlyForDeploymentPostprocessing = 0;
		};
/* End PBXSourcesBuildPhase section */

/* Begin XCBuildConfiguration section */
		4AA5F95F281EBED400568289 /* Debug */ = {
			isa = XCBuildConfiguration;
			buildSettings = {
				ALWAYS_SEARCH_USER_PATHS = NO;
				CLANG_ANALYZER_NONNULL = YES;
				CLANG_ANALYZER_NUMBER_OBJECT_CONVERSION = YES_AGGRESSIVE;
				CLANG_CXX_LANGUAGE_STANDARD = "gnu++17";
				CLANG_ENABLE_MODULES = YES;
				CLANG_ENABLE_OBJC_ARC = YES;
				CLANG_ENABLE_OBJC_WEAK = YES;
				CLANG_WARN_BLOCK_CAPTURE_AUTORELEASING = YES;
				CLANG_WARN_BOOL_CONVERSION = YES;
				CLANG_WARN_COMMA = YES;
				CLANG_WARN_CONSTANT_CONVERSION = YES;
				CLANG_WARN_DEPRECATED_OBJC_IMPLEMENTATIONS = YES;
				CLANG_WARN_DIRECT_OBJC_ISA_USAGE = YES_ERROR;
				CLANG_WARN_DOCUMENTATION_COMMENTS = YES;
				CLANG_WARN_EMPTY_BODY = YES;
				CLANG_WARN_ENUM_CONVERSION = YES;
				CLANG_WARN_INFINITE_RECURSION = YES;
				CLANG_WARN_INT_CONVERSION = YES;
				CLANG_WARN_NON_LITERAL_NULL_CONVERSION = YES;
				CLANG_WARN_OBJC_IMPLICIT_RETAIN_SELF = YES;
				CLANG_WARN_OBJC_LITERAL_CONVERSION = YES;
				CLANG_WARN_OBJC_ROOT_CLASS = YES_ERROR;
				CLANG_WARN_QUOTED_INCLUDE_IN_FRAMEWORK_HEADER = YES;
				CLANG_WARN_RANGE_LOOP_ANALYSIS = YES;
				CLANG_WARN_STRICT_PROTOTYPES = YES;
				CLANG_WARN_SUSPICIOUS_MOVE = YES;
				CLANG_WARN_UNGUARDED_AVAILABILITY = YES_AGGRESSIVE;
				CLANG_WARN_UNREACHABLE_CODE = YES;
				CLANG_WARN__DUPLICATE_METHOD_MATCH = YES;
				COPY_PHASE_STRIP = NO;
				DEBUG_INFORMATION_FORMAT = dwarf;
				ENABLE_STRICT_OBJC_MSGSEND = YES;
				ENABLE_TESTABILITY = YES;
				GCC_C_LANGUAGE_STANDARD = gnu11;
				GCC_DYNAMIC_NO_PIC = NO;
				GCC_NO_COMMON_BLOCKS = YES;
				GCC_OPTIMIZATION_LEVEL = 0;
				GCC_PREPROCESSOR_DEFINITIONS = (
					"DEBUG=1",
					"$(inherited)",
				);
				GCC_WARN_64_TO_32_BIT_CONVERSION = YES;
				GCC_WARN_ABOUT_RETURN_TYPE = YES_ERROR;
				GCC_WARN_UNDECLARED_SELECTOR = YES;
				GCC_WARN_UNINITIALIZED_AUTOS = YES_AGGRESSIVE;
				GCC_WARN_UNUSED_FUNCTION = YES;
				GCC_WARN_UNUSED_VARIABLE = YES;
				IPHONEOS_DEPLOYMENT_TARGET = 15.4;
				MTL_ENABLE_DEBUG_INFO = INCLUDE_SOURCE;
				MTL_FAST_MATH = YES;
				ONLY_ACTIVE_ARCH = YES;
				SDKROOT = iphoneos;
				SWIFT_ACTIVE_COMPILATION_CONDITIONS = DEBUG;
				SWIFT_OPTIMIZATION_LEVEL = "-Onone";
			};
			name = Debug;
		};
		4AA5F960281EBED400568289 /* Release */ = {
			isa = XCBuildConfiguration;
			buildSettings = {
				ALWAYS_SEARCH_USER_PATHS = NO;
				CLANG_ANALYZER_NONNULL = YES;
				CLANG_ANALYZER_NUMBER_OBJECT_CONVERSION = YES_AGGRESSIVE;
				CLANG_CXX_LANGUAGE_STANDARD = "gnu++17";
				CLANG_ENABLE_MODULES = YES;
				CLANG_ENABLE_OBJC_ARC = YES;
				CLANG_ENABLE_OBJC_WEAK = YES;
				CLANG_WARN_BLOCK_CAPTURE_AUTORELEASING = YES;
				CLANG_WARN_BOOL_CONVERSION = YES;
				CLANG_WARN_COMMA = YES;
				CLANG_WARN_CONSTANT_CONVERSION = YES;
				CLANG_WARN_DEPRECATED_OBJC_IMPLEMENTATIONS = YES;
				CLANG_WARN_DIRECT_OBJC_ISA_USAGE = YES_ERROR;
				CLANG_WARN_DOCUMENTATION_COMMENTS = YES;
				CLANG_WARN_EMPTY_BODY = YES;
				CLANG_WARN_ENUM_CONVERSION = YES;
				CLANG_WARN_INFINITE_RECURSION = YES;
				CLANG_WARN_INT_CONVERSION = YES;
				CLANG_WARN_NON_LITERAL_NULL_CONVERSION = YES;
				CLANG_WARN_OBJC_IMPLICIT_RETAIN_SELF = YES;
				CLANG_WARN_OBJC_LITERAL_CONVERSION = YES;
				CLANG_WARN_OBJC_ROOT_CLASS = YES_ERROR;
				CLANG_WARN_QUOTED_INCLUDE_IN_FRAMEWORK_HEADER = YES;
				CLANG_WARN_RANGE_LOOP_ANALYSIS = YES;
				CLANG_WARN_STRICT_PROTOTYPES = YES;
				CLANG_WARN_SUSPICIOUS_MOVE = YES;
				CLANG_WARN_UNGUARDED_AVAILABILITY = YES_AGGRESSIVE;
				CLANG_WARN_UNREACHABLE_CODE = YES;
				CLANG_WARN__DUPLICATE_METHOD_MATCH = YES;
				COPY_PHASE_STRIP = NO;
				DEBUG_INFORMATION_FORMAT = "dwarf-with-dsym";
				ENABLE_NS_ASSERTIONS = NO;
				ENABLE_STRICT_OBJC_MSGSEND = YES;
				GCC_C_LANGUAGE_STANDARD = gnu11;
				GCC_NO_COMMON_BLOCKS = YES;
				GCC_WARN_64_TO_32_BIT_CONVERSION = YES;
				GCC_WARN_ABOUT_RETURN_TYPE = YES_ERROR;
				GCC_WARN_UNDECLARED_SELECTOR = YES;
				GCC_WARN_UNINITIALIZED_AUTOS = YES_AGGRESSIVE;
				GCC_WARN_UNUSED_FUNCTION = YES;
				GCC_WARN_UNUSED_VARIABLE = YES;
				IPHONEOS_DEPLOYMENT_TARGET = 15.4;
				MTL_ENABLE_DEBUG_INFO = NO;
				MTL_FAST_MATH = YES;
				SDKROOT = iphoneos;
				SWIFT_COMPILATION_MODE = wholemodule;
				SWIFT_OPTIMIZATION_LEVEL = "-O";
				VALIDATE_PRODUCT = YES;
			};
			name = Release;
		};
		4AA5F962281EBED400568289 /* Debug */ = {
			isa = XCBuildConfiguration;
			buildSettings = {
				ASSETCATALOG_COMPILER_APPICON_NAME = AppIcon;
				ASSETCATALOG_COMPILER_GLOBAL_ACCENT_COLOR_NAME = AccentColor;
				CODE_SIGN_STYLE = Automatic;
				CURRENT_PROJECT_VERSION = 1;
				DEVELOPMENT_ASSET_PATHS = "\"UIbrary1/Preview Content\"";
				DEVELOPMENT_TEAM = JP5BCXZWJP;
				ENABLE_PREVIEWS = YES;
				GENERATE_INFOPLIST_FILE = YES;
				INFOPLIST_KEY_UIApplicationSceneManifest_Generation = YES;
				INFOPLIST_KEY_UIApplicationSupportsIndirectInputEvents = YES;
				INFOPLIST_KEY_UILaunchScreen_Generation = YES;
				INFOPLIST_KEY_UISupportedInterfaceOrientations_iPad = "UIInterfaceOrientationPortrait UIInterfaceOrientationPortraitUpsideDown UIInterfaceOrientationLandscapeLeft UIInterfaceOrientationLandscapeRight";
				INFOPLIST_KEY_UISupportedInterfaceOrientations_iPhone = "UIInterfaceOrientationPortrait UIInterfaceOrientationLandscapeLeft UIInterfaceOrientationLandscapeRight";
				LD_RUNPATH_SEARCH_PATHS = (
					"$(inherited)",
					"@executable_path/Frameworks",
				);
				MARKETING_VERSION = 1.0;
				PRODUCT_BUNDLE_IDENTIFIER = com.cdk243.UIbrary1;
				PRODUCT_NAME = "$(TARGET_NAME)";
				SWIFT_EMIT_LOC_STRINGS = YES;
				SWIFT_VERSION = 5.0;
				TARGETED_DEVICE_FAMILY = "1,2";
			};
			name = Debug;
		};
		4AA5F963281EBED400568289 /* Release */ = {
			isa = XCBuildConfiguration;
			buildSettings = {
				ASSETCATALOG_COMPILER_APPICON_NAME = AppIcon;
				ASSETCATALOG_COMPILER_GLOBAL_ACCENT_COLOR_NAME = AccentColor;
				CODE_SIGN_STYLE = Automatic;
				CURRENT_PROJECT_VERSION = 1;
				DEVELOPMENT_ASSET_PATHS = "\"UIbrary1/Preview Content\"";
				DEVELOPMENT_TEAM = JP5BCXZWJP;
				ENABLE_PREVIEWS = YES;
				GENERATE_INFOPLIST_FILE = YES;
				INFOPLIST_KEY_UIApplicationSceneManifest_Generation = YES;
				INFOPLIST_KEY_UIApplicationSupportsIndirectInputEvents = YES;
				INFOPLIST_KEY_UILaunchScreen_Generation = YES;
				INFOPLIST_KEY_UISupportedInterfaceOrientations_iPad = "UIInterfaceOrientationPortrait UIInterfaceOrientationPortraitUpsideDown UIInterfaceOrientationLandscapeLeft UIInterfaceOrientationLandscapeRight";
				INFOPLIST_KEY_UISupportedInterfaceOrientations_iPhone = "UIInterfaceOrientationPortrait UIInterfaceOrientationLandscapeLeft UIInterfaceOrientationLandscapeRight";
				LD_RUNPATH_SEARCH_PATHS = (
					"$(inherited)",
					"@executable_path/Frameworks",
				);
				MARKETING_VERSION = 1.0;
				PRODUCT_BUNDLE_IDENTIFIER = com.cdk243.UIbrary1;
				PRODUCT_NAME = "$(TARGET_NAME)";
				SWIFT_EMIT_LOC_STRINGS = YES;
				SWIFT_VERSION = 5.0;
				TARGETED_DEVICE_FAMILY = "1,2";
			};
			name = Release;
		};
/* End XCBuildConfiguration section */

/* Begin XCConfigurationList section */
		4AA5F94E281EBED300568289 /* Build configuration list for PBXProject "UIbrary" */ = {
			isa = XCConfigurationList;
			buildConfigurations = (
				4AA5F95F281EBED400568289 /* Debug */,
				4AA5F960281EBED400568289 /* Release */,
			);
			defaultConfigurationIsVisible = 0;
			defaultConfigurationName = Release;
		};
		4AA5F961281EBED400568289 /* Build configuration list for PBXNativeTarget "UIbrary1" */ = {
			isa = XCConfigurationList;
			buildConfigurations = (
				4AA5F962281EBED400568289 /* Debug */,
				4AA5F963281EBED400568289 /* Release */,
			);
			defaultConfigurationIsVisible = 0;
			defaultConfigurationName = Release;
		};
/* End XCConfigurationList section */

/* Begin XCRemoteSwiftPackageReference section */
		4A8424002833CD7A005E15FD /* XCRemoteSwiftPackageReference "CodeEditorView.git" */ = {
			isa = XCRemoteSwiftPackageReference;
			repositoryURL = "https://github.com/mchakravarty/CodeEditorView.git";
			requirement = {
				kind = upToNextMajorVersion;
				minimumVersion = 0.9.0;
			};
		};
/* End XCRemoteSwiftPackageReference section */

/* Begin XCSwiftPackageProductDependency section */
		4A8424012833CD7A005E15FD /* CodeEditorView */ = {
			isa = XCSwiftPackageProductDependency;
			package = 4A8424002833CD7A005E15FD /* XCRemoteSwiftPackageReference "CodeEditorView.git" */;
			productName = CodeEditorView;
		};
/* End XCSwiftPackageProductDependency section */
	};
	rootObject = 4AA5F94B281EBED300568289 /* Project object */;
}
